
Microsoft Visual Studio Solution File, Format Version 12.00
# Visual Studio Version 17
VisualStudioVersion = 17.7.34221.43
MinimumVisualStudioVersion = 10.0.40219.1
Project("{FAE04EC0-301F-11D3-BF4B-00C04F79EFBC}") = "MultiThreading", "MultiThreading\MultiThreading.csproj", "{4285B58F-259F-44E6-A2E0-63B7E6F5DA39}"
EndProject
Global
	GlobalSection(SolutionConfigurationPlatforms) = preSolution
		Debug|Any CPU = Debug|Any CPU
		Release|Any CPU = Release|Any CPU
	EndGlobalSection
	GlobalSection(ProjectConfigurationPlatforms) = postSolution
		{4285B58F-259F-44E6-A2E0-63B7E6F5DA39}.Debug|Any CPU.ActiveCfg = Debug|Any CPU
		{4285B58F-259F-44E6-A2E0-63B7E6F5DA39}.Debug|Any CPU.Build.0 = Debug|Any CPU
		{4285B58F-259F-44E6-A2E0-63B7E6F5DA39}.Release|Any CPU.ActiveCfg = Release|Any CPU
		{4285B58F-259F-44E6-A2E0-63B7E6F5DA39}.Release|Any CPU.Build.0 = Release|Any CPU
	EndGlobalSection
	GlobalSection(SolutionProperties) = preSolution
		HideSolutionNode = FALSE
	EndGlobalSection
	GlobalSection(ExtensibilityGlobals) = postSolution
		SolutionGuid = {AF1FD815-F342-4484-996F-F3B39B58D9E3}
	EndGlobalSection
EndGlobal
